
Microsoft Visual Studio Solution File, Format Version 12.00
# Visual Studio 15
VisualStudioVersion = 15.0.28307.539
MinimumVisualStudioVersion = 10.0.40219.1
Project("{FAE04EC0-301F-11D3-BF4B-00C04F79EFBC}") = "Final4", "Final4\Final4.csproj", "{643BA9E1-1304-40F0-B117-3E4E9D974E57}"
EndProject
Project("{FAE04EC0-301F-11D3-BF4B-00C04F79EFBC}") = "ConsoleClient", "ConsoleClient\ConsoleClient.csproj", "{6BF02327-1C55-48F4-B1A6-A4E574E6B8B5}"
EndProject
Global
	GlobalSection(SolutionConfigurationPlatforms) = preSolution
		Debug|Any CPU = Debug|Any CPU
		Release|Any CPU = Release|Any CPU
	EndGlobalSection
	GlobalSection(ProjectConfigurationPlatforms) = postSolution
		{643BA9E1-1304-40F0-B117-3E4E9D974E57}.Debug|Any CPU.ActiveCfg = Debug|Any CPU
		{643BA9E1-1304-40F0-B117-3E4E9D974E57}.Debug|Any CPU.Build.0 = Debug|Any CPU
		{643BA9E1-1304-40F0-B117-3E4E9D974E57}.Release|Any CPU.ActiveCfg = Release|Any CPU
		{643BA9E1-1304-40F0-B117-3E4E9D974E57}.Release|Any CPU.Build.0 = Release|Any CPU
		{6BF02327-1C55-48F4-B1A6-A4E574E6B8B5}.Debug|Any CPU.ActiveCfg = Debug|Any CPU
		{6BF02327-1C55-48F4-B1A6-A4E574E6B8B5}.Debug|Any CPU.Build.0 = Debug|Any CPU
		{6BF02327-1C55-48F4-B1A6-A4E574E6B8B5}.Release|Any CPU.ActiveCfg = Release|Any CPU
		{6BF02327-1C55-48F4-B1A6-A4E574E6B8B5}.Release|Any CPU.Build.0 = Release|Any CPU
	EndGlobalSection
	GlobalSection(SolutionProperties) = preSolution
		HideSolutionNode = FALSE
	EndGlobalSection
	GlobalSection(ExtensibilityGlobals) = postSolution
		SolutionGuid = {4DCB9E50-77BB-491F-B6E7-D26C108AB1D7}
	EndGlobalSection
EndGlobal
